
Microsoft Visual Studio Solution File, Format Version 12.00
# Visual Studio Version 17
VisualStudioVersion = 17.6.33723.286
MinimumVisualStudioVersion = 10.0.40219.1
Project("{FAE04EC0-301F-11D3-BF4B-00C04F79EFBC}") = "Tydzień 2", "Tydzień 2\Tydzień 2.csproj", "{AE23B9A1-7A53-41E4-B9B4-A014C584B7B0}"
EndProject
Global
	GlobalSection(SolutionConfigurationPlatforms) = preSolution
		Debug|Any CPU = Debug|Any CPU
		Release|Any CPU = Release|Any CPU
	EndGlobalSection
	GlobalSection(ProjectConfigurationPlatforms) = postSolution
		{AE23B9A1-7A53-41E4-B9B4-A014C584B7B0}.Debug|Any CPU.ActiveCfg = Debug|Any CPU
		{AE23B9A1-7A53-41E4-B9B4-A014C584B7B0}.Debug|Any CPU.Build.0 = Debug|Any CPU
		{AE23B9A1-7A53-41E4-B9B4-A014C584B7B0}.Release|Any CPU.ActiveCfg = Release|Any CPU
		{AE23B9A1-7A53-41E4-B9B4-A014C584B7B0}.Release|Any CPU.Build.0 = Release|Any CPU
	EndGlobalSection
	GlobalSection(SolutionProperties) = preSolution
		HideSolutionNode = FALSE
	EndGlobalSection
	GlobalSection(ExtensibilityGlobals) = postSolution
		SolutionGuid = {E62156C4-73B2-40DD-B85F-233C397A7D37}
	EndGlobalSection
EndGlobal
